
Microsoft Visual Studio Solution File, Format Version 12.00
# Visual Studio Version 17
VisualStudioVersion = 17.7.34024.191
MinimumVisualStudioVersion = 10.0.40219.1
Project("{2150E333-8FDC-42A3-9474-1A3956D46DE8}") = "Order", "Order", "{9412D3C7-1054-45F8-B852-96778AB7A568}"
EndProject
Project("{9A19103F-16F7-4668-BE54-9A1E7A4F7556}") = "Order.Service", "Order\Service\Order.Service.csproj", "{376811E3-63E7-4E10-9704-5E9FD0D3C56D}"
EndProject
Project("{9A19103F-16F7-4668-BE54-9A1E7A4F7556}") = "Core", "Core\Core.csproj", "{814FAA5A-8CD0-461C-9938-80039000BCD1}"
EndProject
Project("{9A19103F-16F7-4668-BE54-9A1E7A4F7556}") = "Infrastructure", "Infrastructure\Infrastructure.csproj", "{61E2A423-F027-441F-92C0-A14C1B07E4CA}"
EndProject
Project("{9A19103F-16F7-4668-BE54-9A1E7A4F7556}") = "Order.Api", "Order\Api\Order.Api.csproj", "{2AAC15C9-5756-4D0B-980C-65C5A40DDC52}"
EndProject
Project("{9A19103F-16F7-4668-BE54-9A1E7A4F7556}") = "Order.Core", "Order\Core\Order.Core.csproj", "{16D53BAB-C396-4436-BBEE-87E178062F78}"
EndProject
Project("{2150E333-8FDC-42A3-9474-1A3956D46DE8}") = "Test", "Test", "{4DDCAB61-AD8B-47C1-B8D1-F60564B97797}"
EndProject
Project("{FAE04EC0-301F-11D3-BF4B-00C04F79EFBC}") = "Infrastructure.Test", "Test\UnitTest\Infrastructure.Test\Infrastructure.Test.csproj", "{A456B8C2-70A8-413C-8E14-EF88E6C34EC4}"
EndProject
Project("{2150E333-8FDC-42A3-9474-1A3956D46DE8}") = "UnitTest", "UnitTest", "{3DF11503-98C7-4B08-9E0D-ECD69D8CB60E}"
EndProject
Project("{FAE04EC0-301F-11D3-BF4B-00C04F79EFBC}") = "Order.Api.Test", "Test\UnitTest\Order.Api.Test\Order.Api.Test.csproj", "{EC96BED3-72E3-4130-9B2D-109D10CB14BE}"
EndProject
Global
	GlobalSection(SolutionConfigurationPlatforms) = preSolution
		Debug|Any CPU = Debug|Any CPU
		Release|Any CPU = Release|Any CPU
	EndGlobalSection
	GlobalSection(ProjectConfigurationPlatforms) = postSolution
		{376811E3-63E7-4E10-9704-5E9FD0D3C56D}.Debug|Any CPU.ActiveCfg = Debug|Any CPU
		{376811E3-63E7-4E10-9704-5E9FD0D3C56D}.Debug|Any CPU.Build.0 = Debug|Any CPU
		{376811E3-63E7-4E10-9704-5E9FD0D3C56D}.Release|Any CPU.ActiveCfg = Release|Any CPU
		{376811E3-63E7-4E10-9704-5E9FD0D3C56D}.Release|Any CPU.Build.0 = Release|Any CPU
		{814FAA5A-8CD0-461C-9938-80039000BCD1}.Debug|Any CPU.ActiveCfg = Debug|Any CPU
		{814FAA5A-8CD0-461C-9938-80039000BCD1}.Debug|Any CPU.Build.0 = Debug|Any CPU
		{814FAA5A-8CD0-461C-9938-80039000BCD1}.Release|Any CPU.ActiveCfg = Release|Any CPU
		{814FAA5A-8CD0-461C-9938-80039000BCD1}.Release|Any CPU.Build.0 = Release|Any CPU
		{61E2A423-F027-441F-92C0-A14C1B07E4CA}.Debug|Any CPU.ActiveCfg = Debug|Any CPU
		{61E2A423-F027-441F-92C0-A14C1B07E4CA}.Debug|Any CPU.Build.0 = Debug|Any CPU
		{61E2A423-F027-441F-92C0-A14C1B07E4CA}.Release|Any CPU.ActiveCfg = Release|Any CPU
		{61E2A423-F027-441F-92C0-A14C1B07E4CA}.Release|Any CPU.Build.0 = Release|Any CPU
		{2AAC15C9-5756-4D0B-980C-65C5A40DDC52}.Debug|Any CPU.ActiveCfg = Debug|Any CPU
		{2AAC15C9-5756-4D0B-980C-65C5A40DDC52}.Debug|Any CPU.Build.0 = Debug|Any CPU
		{2AAC15C9-5756-4D0B-980C-65C5A40DDC52}.Release|Any CPU.ActiveCfg = Release|Any CPU
		{2AAC15C9-5756-4D0B-980C-65C5A40DDC52}.Release|Any CPU.Build.0 = Release|Any CPU
		{16D53BAB-C396-4436-BBEE-87E178062F78}.Debug|Any CPU.ActiveCfg = Debug|Any CPU
		{16D53BAB-C396-4436-BBEE-87E178062F78}.Debug|Any CPU.Build.0 = Debug|Any CPU
		{16D53BAB-C396-4436-BBEE-87E178062F78}.Release|Any CPU.ActiveCfg = Release|Any CPU
		{16D53BAB-C396-4436-BBEE-87E178062F78}.Release|Any CPU.Build.0 = Release|Any CPU
		{A456B8C2-70A8-413C-8E14-EF88E6C34EC4}.Debug|Any CPU.ActiveCfg = Debug|Any CPU
		{A456B8C2-70A8-413C-8E14-EF88E6C34EC4}.Debug|Any CPU.Build.0 = Debug|Any CPU
		{A456B8C2-70A8-413C-8E14-EF88E6C34EC4}.Release|Any CPU.ActiveCfg = Release|Any CPU
		{A456B8C2-70A8-413C-8E14-EF88E6C34EC4}.Release|Any CPU.Build.0 = Release|Any CPU
		{EC96BED3-72E3-4130-9B2D-109D10CB14BE}.Debug|Any CPU.ActiveCfg = Debug|Any CPU
		{EC96BED3-72E3-4130-9B2D-109D10CB14BE}.Debug|Any CPU.Build.0 = Debug|Any CPU
		{EC96BED3-72E3-4130-9B2D-109D10CB14BE}.Release|Any CPU.ActiveCfg = Release|Any CPU
		{EC96BED3-72E3-4130-9B2D-109D10CB14BE}.Release|Any CPU.Build.0 = Release|Any CPU
	EndGlobalSection
	GlobalSection(SolutionProperties) = preSolution
		HideSolutionNode = FALSE
	EndGlobalSection
	GlobalSection(NestedProjects) = preSolution
		{376811E3-63E7-4E10-9704-5E9FD0D3C56D} = {9412D3C7-1054-45F8-B852-96778AB7A568}
		{2AAC15C9-5756-4D0B-980C-65C5A40DDC52} = {9412D3C7-1054-45F8-B852-96778AB7A568}
		{16D53BAB-C396-4436-BBEE-87E178062F78} = {9412D3C7-1054-45F8-B852-96778AB7A568}
		{A456B8C2-70A8-413C-8E14-EF88E6C34EC4} = {3DF11503-98C7-4B08-9E0D-ECD69D8CB60E}
		{3DF11503-98C7-4B08-9E0D-ECD69D8CB60E} = {4DDCAB61-AD8B-47C1-B8D1-F60564B97797}
		{EC96BED3-72E3-4130-9B2D-109D10CB14BE} = {3DF11503-98C7-4B08-9E0D-ECD69D8CB60E}
	EndGlobalSection
	GlobalSection(ExtensibilityGlobals) = postSolution
		SolutionGuid = {BCF4CC34-B7AF-4CB2-B792-D3DBA2AC8141}
	EndGlobalSection
EndGlobal
